
Microsoft Visual Studio Solution File, Format Version 12.00
# Visual Studio Version 17
VisualStudioVersion = 17.6.33723.286
MinimumVisualStudioVersion = 10.0.40219.1
Project("{9A19103F-16F7-4668-BE54-9A1E7A4F7556}") = "Game", "Game.csproj", "{ACF1F54D-FEF8-4E8A-9319-1574E2A7320E}"
EndProject
Global
	GlobalSection(SolutionConfigurationPlatforms) = preSolution
		Debug|Any CPU = Debug|Any CPU
		Release|Any CPU = Release|Any CPU
	EndGlobalSection
	GlobalSection(ProjectConfigurationPlatforms) = postSolution
		{ACF1F54D-FEF8-4E8A-9319-1574E2A7320E}.Debug|Any CPU.ActiveCfg = Debug|Any CPU
		{ACF1F54D-FEF8-4E8A-9319-1574E2A7320E}.Debug|Any CPU.Build.0 = Debug|Any CPU
		{ACF1F54D-FEF8-4E8A-9319-1574E2A7320E}.Release|Any CPU.ActiveCfg = Release|Any CPU
		{ACF1F54D-FEF8-4E8A-9319-1574E2A7320E}.Release|Any CPU.Build.0 = Release|Any CPU
	EndGlobalSection
	GlobalSection(SolutionProperties) = preSolution
		HideSolutionNode = FALSE
	EndGlobalSection
	GlobalSection(ExtensibilityGlobals) = postSolution
		SolutionGuid = {5AE53E87-DEC2-47A2-A0B4-AB7439339D34}
	EndGlobalSection
EndGlobal
